{
  "name": "Educhat",
  "version": "1.0.0",
  "lockfileVersion": 3,
  "requires": true,
  "packages": {
    "": {
      "name": "Educhat",
      "version": "1.0.0",
      "license": "ISC",
      "dependencies": {
        "cloudinary": "^2.5.1",
        "emoji-picker-react": "^4.12.2"
      }
    },
    "node_modules/cloudinary": {
      "version": "2.5.1",
      "license": "MIT",
      "dependencies": {
        "lodash": "^4.17.21",
        "q": "^1.5.1"
      },
      "engines": {
        "node": ">=9"
      }
    },
    "node_modules/emoji-picker-react": {
      "version": "4.12.2",
      "license": "MIT",
      "dependencies": {
        "flairup": "1.0.0"
      },
      "engines": {
        "node": ">=10"
      },
      "peerDependencies": {
        "react": ">=16"
      }
    },
    "node_modules/flairup": {
      "version": "1.0.0",
      "license": "MIT"
    },
    "node_modules/lodash": {
      "version": "4.17.21",
      "license": "MIT"
    },
    "node_modules/q": {
      "version": "1.5.1",
      "license": "MIT",
      "engines": {
        "node": ">=0.6.0",
        "teleport": ">=0.2.0"
      }
    },
    "node_modules/react": {
      "version": "19.0.0",
      "license": "MIT",
      "peer": true,
      "engines": {
        "node": ">=0.10.0"
      }
    }
  }
}
